
Microsoft Visual Studio Solution File, Format Version 12.00
# Visual Studio Version 17
VisualStudioVersion = 17.5.002.0
MinimumVisualStudioVersion = 10.0.40219.1
Project("{9A19103F-16F7-4668-BE54-9A1E7A4F7556}") = "TextEditor", "TextEditor.csproj", "{C9BA9B14-766D-4942-B8B8-107017730887}"
EndProject
Global
	GlobalSection(SolutionConfigurationPlatforms) = preSolution
		Debug|Any CPU = Debug|Any CPU
		Release|Any CPU = Release|Any CPU
	EndGlobalSection
	GlobalSection(ProjectConfigurationPlatforms) = postSolution
		{C9BA9B14-766D-4942-B8B8-107017730887}.Debug|Any CPU.ActiveCfg = Debug|Any CPU
		{C9BA9B14-766D-4942-B8B8-107017730887}.Debug|Any CPU.Build.0 = Debug|Any CPU
		{C9BA9B14-766D-4942-B8B8-107017730887}.Release|Any CPU.ActiveCfg = Release|Any CPU
		{C9BA9B14-766D-4942-B8B8-107017730887}.Release|Any CPU.Build.0 = Release|Any CPU
	EndGlobalSection
	GlobalSection(SolutionProperties) = preSolution
		HideSolutionNode = FALSE
	EndGlobalSection
	GlobalSection(ExtensibilityGlobals) = postSolution
		SolutionGuid = {D24DB024-F10C-4BCE-ACF1-FF963DBBA6C3}
	EndGlobalSection
EndGlobal
